
Microsoft Visual Studio Solution File, Format Version 12.00
# Visual Studio Version 17
VisualStudioVersion = 17.5.002.0
MinimumVisualStudioVersion = 10.0.40219.1
Project("{9A19103F-16F7-4668-BE54-9A1E7A4F7556}") = "operator", "operator.csproj", "{3755BA1F-4552-4FA7-921B-86539227683B}"
EndProject
Global
	GlobalSection(SolutionConfigurationPlatforms) = preSolution
		Debug|Any CPU = Debug|Any CPU
		Release|Any CPU = Release|Any CPU
	EndGlobalSection
	GlobalSection(ProjectConfigurationPlatforms) = postSolution
		{3755BA1F-4552-4FA7-921B-86539227683B}.Debug|Any CPU.ActiveCfg = Debug|Any CPU
		{3755BA1F-4552-4FA7-921B-86539227683B}.Debug|Any CPU.Build.0 = Debug|Any CPU
		{3755BA1F-4552-4FA7-921B-86539227683B}.Release|Any CPU.ActiveCfg = Release|Any CPU
		{3755BA1F-4552-4FA7-921B-86539227683B}.Release|Any CPU.Build.0 = Release|Any CPU
	EndGlobalSection
	GlobalSection(SolutionProperties) = preSolution
		HideSolutionNode = FALSE
	EndGlobalSection
	GlobalSection(ExtensibilityGlobals) = postSolution
		SolutionGuid = {CDE0F014-7316-4CE5-988A-AC7871424969}
	EndGlobalSection
EndGlobal
